
Microsoft Visual Studio Solution File, Format Version 12.00
# Visual Studio Version 16
VisualStudioVersion = 16.0.32407.337
MinimumVisualStudioVersion = 10.0.40219.1
Project("{FAE04EC0-301F-11D3-BF4B-00C04F79EFBC}") = "DeckOfCards", "DeckOfCards\DeckOfCards.csproj", "{5AEB0266-5855-4AF6-A487-3CF4EAFBBDA9}"
EndProject
Project("{FAE04EC0-301F-11D3-BF4B-00C04F79EFBC}") = "EncapsulationLecture", "EncapsulationLecture\EncapsulationLecture.csproj", "{B55533C0-E755-49FD-8F99-CBE944B60B80}"
EndProject
Global
	GlobalSection(SolutionConfigurationPlatforms) = preSolution
		Debug|Any CPU = Debug|Any CPU
		Release|Any CPU = Release|Any CPU
	EndGlobalSection
	GlobalSection(ProjectConfigurationPlatforms) = postSolution
		{5AEB0266-5855-4AF6-A487-3CF4EAFBBDA9}.Debug|Any CPU.ActiveCfg = Debug|Any CPU
		{5AEB0266-5855-4AF6-A487-3CF4EAFBBDA9}.Debug|Any CPU.Build.0 = Debug|Any CPU
		{5AEB0266-5855-4AF6-A487-3CF4EAFBBDA9}.Release|Any CPU.ActiveCfg = Release|Any CPU
		{5AEB0266-5855-4AF6-A487-3CF4EAFBBDA9}.Release|Any CPU.Build.0 = Release|Any CPU
		{B55533C0-E755-49FD-8F99-CBE944B60B80}.Debug|Any CPU.ActiveCfg = Debug|Any CPU
		{B55533C0-E755-49FD-8F99-CBE944B60B80}.Debug|Any CPU.Build.0 = Debug|Any CPU
		{B55533C0-E755-49FD-8F99-CBE944B60B80}.Release|Any CPU.ActiveCfg = Release|Any CPU
		{B55533C0-E755-49FD-8F99-CBE944B60B80}.Release|Any CPU.Build.0 = Release|Any CPU
	EndGlobalSection
	GlobalSection(SolutionProperties) = preSolution
		HideSolutionNode = FALSE
	EndGlobalSection
	GlobalSection(ExtensibilityGlobals) = postSolution
		SolutionGuid = {7A1A7757-F7CA-4901-AD62-F96283D1DBD9}
	EndGlobalSection
EndGlobal
